PODS:
  - dart_vlc (0.0.1):
    - FlutterMacOS
    - VLCKit (~> 3.3)
  - FlutterMacOS (1.0.0)
  - path_provider_macos (0.0.1):
    - FlutterMacOS
  - VLCKit (3.3.17)

DEPENDENCIES:
  - dart_vlc (from `Flutter/ephemeral/.symlinks/plugins/dart_vlc/macos`)
  - FlutterMacOS (from `Flutter/ephemeral`)
  - path_provider_macos (from `Flutter/ephemeral/.symlinks/plugins/path_provider_macos/macos`)

SPEC REPOS:
  trunk:
    - VLCKit

EXTERNAL SOURCES:
  dart_vlc:
    :path: Flutter/ephemeral/.symlinks/plugins/dart_vlc/macos
  FlutterMacOS:
    :path: Flutter/ephemeral
  path_provider_macos:
    :path: Flutter/ephemeral/.symlinks/plugins/path_provider_macos/macos

SPEC CHECKSUMS:
  dart_vlc: 712bcba43dcadeecae75c5951b0cfec656e525b4
  FlutterMacOS: 57701585bf7de1b3fc2bb61f6378d73bbdea8424
  path_provider_macos: a0a3fd666cb7cd0448e936fb4abad4052961002b
  VLCKit: 21651e881f19774ecf9a86ca2c2010859fe68a08

PODFILE CHECKSUM: 6eac6b3292e5142cfc23bdeb71848a40ec51c14c

COCOAPODS: 1.11.0
